PODS:
  - AALRUCache (1.0.2)
  - AAMediator (1.0.2):
    - AALRUCache

DEPENDENCIES:
  - AAMediator (from `../`)

SPEC REPOS:
  https://github.com/CocoaPods/Specs.git:
    - AALRUCache

EXTERNAL SOURCES:
  AAMediator:
    :path: "../"

SPEC CHECKSUMS:
  AALRUCache: 90a2066e0ae1be490fd071420972f29f038339c8
  AAMediator: 47fd013004a843d10b45c0c4162618949b5e4b7c

PODFILE CHECKSUM: bf516a630789e24bb3ef928b1cedf9e86d1075f4

COCOAPODS: 1.8.0
